
Microsoft Visual Studio Solution File, Format Version 12.00
# Visual Studio Version 17
VisualStudioVersion = 17.3.32901.215
MinimumVisualStudioVersion = 10.0.40219.1
Project("{FAE04EC0-301F-11D3-BF4B-00C04F79EFBC}") = "MidasApi", "MidasApi\MidasApi.csproj", "{1B3BF1D6-A98E-4FEB-9F80-36B29125A05F}"
EndProject
Project("{FAE04EC0-301F-11D3-BF4B-00C04F79EFBC}") = "DataBase", "DataBase\DataBase.csproj", "{1DD86F84-5A7F-4B99-8560-66E8E0D7811A}"
EndProject
Global
	GlobalSection(SolutionConfigurationPlatforms) = preSolution
		Debug|Any CPU = Debug|Any CPU
		Release|Any CPU = Release|Any CPU
	EndGlobalSection
	GlobalSection(ProjectConfigurationPlatforms) = postSolution
		{1B3BF1D6-A98E-4FEB-9F80-36B29125A05F}.Debug|Any CPU.ActiveCfg = Debug|Any CPU
		{1B3BF1D6-A98E-4FEB-9F80-36B29125A05F}.Debug|Any CPU.Build.0 = Debug|Any CPU
		{1B3BF1D6-A98E-4FEB-9F80-36B29125A05F}.Release|Any CPU.ActiveCfg = Release|Any CPU
		{1B3BF1D6-A98E-4FEB-9F80-36B29125A05F}.Release|Any CPU.Build.0 = Release|Any CPU
		{1DD86F84-5A7F-4B99-8560-66E8E0D7811A}.Debug|Any CPU.ActiveCfg = Debug|Any CPU
		{1DD86F84-5A7F-4B99-8560-66E8E0D7811A}.Debug|Any CPU.Build.0 = Debug|Any CPU
		{1DD86F84-5A7F-4B99-8560-66E8E0D7811A}.Release|Any CPU.ActiveCfg = Release|Any CPU
		{1DD86F84-5A7F-4B99-8560-66E8E0D7811A}.Release|Any CPU.Build.0 = Release|Any CPU
	EndGlobalSection
	GlobalSection(SolutionProperties) = preSolution
		HideSolutionNode = FALSE
	EndGlobalSection
	GlobalSection(ExtensibilityGlobals) = postSolution
		SolutionGuid = {B9330EBC-2483-42D4-802B-72FA0816EDF3}
	EndGlobalSection
EndGlobal
